
Microsoft Visual Studio Solution File, Format Version 12.00
# Visual Studio Version 17
VisualStudioVersion = 17.0.31903.59
MinimumVisualStudioVersion = 10.0.40219.1
Project("{9A19103F-16F7-4668-BE54-9A1E7A4F7556}") = "portfolio", "portfolio\portfolio.csproj", "{687648C1-6BA4-47F1-97D6-B043E1E46541}"
EndProject
Project("{9A19103F-16F7-4668-BE54-9A1E7A4F7556}") = "portfolio-api", "portfolio-api\portfolio-api.csproj", "{E4C02FE2-81DE-4EF3-8EF3-AFA02A57183F}"
EndProject
Project("{2150E333-8FDC-42A3-9474-1A3956D46DE8}") = "Solution Items", "Solution Items", "{1C1E0B3F-3C8B-4041-AD1C-7C050D5D2DAC}"
	ProjectSection(SolutionItems) = preProject
		netlify.toml = netlify.toml
		readme.md = readme.md
	EndProjectSection
EndProject
Project("{FAE04EC0-301F-11D3-BF4B-00C04F79EFBC}") = "portfolio-api-tests", "portfolio-api-tests\portfolio-api-tests.csproj", "{5AE26087-5754-456A-AF04-F2A98A33036B}"
EndProject
Global
	GlobalSection(SolutionConfigurationPlatforms) = preSolution
		Debug|Any CPU = Debug|Any CPU
		Release|Any CPU = Release|Any CPU
	EndGlobalSection
	GlobalSection(ProjectConfigurationPlatforms) = postSolution
		{687648C1-6BA4-47F1-97D6-B043E1E46541}.Debug|Any CPU.ActiveCfg = Release|Any CPU
		{687648C1-6BA4-47F1-97D6-B043E1E46541}.Debug|Any CPU.Build.0 = Release|Any CPU
		{687648C1-6BA4-47F1-97D6-B043E1E46541}.Release|Any CPU.ActiveCfg = Release|Any CPU
		{687648C1-6BA4-47F1-97D6-B043E1E46541}.Release|Any CPU.Build.0 = Release|Any CPU
		{E4C02FE2-81DE-4EF3-8EF3-AFA02A57183F}.Debug|Any CPU.ActiveCfg = Debug|Any CPU
		{E4C02FE2-81DE-4EF3-8EF3-AFA02A57183F}.Debug|Any CPU.Build.0 = Debug|Any CPU
		{E4C02FE2-81DE-4EF3-8EF3-AFA02A57183F}.Release|Any CPU.ActiveCfg = Release|Any CPU
		{E4C02FE2-81DE-4EF3-8EF3-AFA02A57183F}.Release|Any CPU.Build.0 = Release|Any CPU
		{5AE26087-5754-456A-AF04-F2A98A33036B}.Debug|Any CPU.ActiveCfg = Debug|Any CPU
		{5AE26087-5754-456A-AF04-F2A98A33036B}.Debug|Any CPU.Build.0 = Debug|Any CPU
		{5AE26087-5754-456A-AF04-F2A98A33036B}.Release|Any CPU.ActiveCfg = Release|Any CPU
		{5AE26087-5754-456A-AF04-F2A98A33036B}.Release|Any CPU.Build.0 = Release|Any CPU
	EndGlobalSection
	GlobalSection(SolutionProperties) = preSolution
		HideSolutionNode = FALSE
	EndGlobalSection
	GlobalSection(ExtensibilityGlobals) = postSolution
		SolutionGuid = {6AA4649A-6ABD-4D26-AC66-F0D00564C77B}
	EndGlobalSection
EndGlobal
